// !$*UTF8*$!
{
	archiveVersion = 1;
	classes = {
	};
	objectVersion = 56;
	objects = {

/* Begin PBXBuildFile section */
		DD1CDBBE2AD3433200826E7B /* RepCountCopyApp.swift in Sources */ = {isa = PBXBuildFile; fileRef = DD1CDBBD2AD3433200826E7B /* RepCountCopyApp.swift */; };
		DD1CDBC02AD3433200826E7B /* RepCountTabView.swift in Sources */ = {isa = PBXBuildFile; fileRef = DD1CDBBF2AD3433200826E7B /* RepCountTabView.swift */; };
		DD1CDBC22AD3433400826E7B /* Assets.xcassets in Resources */ = {isa = PBXBuildFile; fileRef = DD1CDBC12AD3433400826E7B /* Assets.xcassets */; };
		DD1CDBC52AD3433400826E7B /* Preview Assets.xcassets in Resources */ = {isa = PBXBuildFile; fileRef = DD1CDBC42AD3433400826E7B /* Preview Assets.xcassets */; };
		DD1CDBCC2AD343EA00826E7B /* LogView.swift in Sources */ = {isa = PBXBuildFile; fileRef = DD1CDBCB2AD343EA00826E7B /* LogView.swift */; };
		DD1CDBCE2AD3440800826E7B /* LogMonthOverview.swift in Sources */ = {isa = PBXBuildFile; fileRef = DD1CDBCD2AD3440800826E7B /* LogMonthOverview.swift */; };
		DD1CDBD02AD3442200826E7B /* SingleLogWorkoutView.swift in Sources */ = {isa = PBXBuildFile; fileRef = DD1CDBCF2AD3442200826E7B /* SingleLogWorkoutView.swift */; };
		DD1CDBD22AD3444800826E7B /* RoutinesView.swift in Sources */ = {isa = PBXBuildFile; fileRef = DD1CDBD12AD3444800826E7B /* RoutinesView.swift */; };
		DD1CDBD42AD3445B00826E7B /* RoutinesWorkoutView.swift in Sources */ = {isa = PBXBuildFile; fileRef = DD1CDBD32AD3445B00826E7B /* RoutinesWorkoutView.swift */; };
		DD1CDBD62AD3447200826E7B /* StatisticsView.swift in Sources */ = {isa = PBXBuildFile; fileRef = DD1CDBD52AD3447200826E7B /* StatisticsView.swift */; };
		DD1CDBD82AD3449200826E7B /* StatisticsCategoryView.swift in Sources */ = {isa = PBXBuildFile; fileRef = DD1CDBD72AD3449200826E7B /* StatisticsCategoryView.swift */; };
		DD1CDBDA2AD344C100826E7B /* StatisticsCategoryItem.swift in Sources */ = {isa = PBXBuildFile; fileRef = DD1CDBD92AD344C100826E7B /* StatisticsCategoryItem.swift */; };
		DD1CDBDC2AD344D300826E7B /* NewRoutineView.swift in Sources */ = {isa = PBXBuildFile; fileRef = DD1CDBDB2AD344D300826E7B /* NewRoutineView.swift */; };
		DD1CDBDE2AD344F700826E7B /* NewRoutineExerciseItem.swift in Sources */ = {isa = PBXBuildFile; fileRef = DD1CDBDD2AD344F700826E7B /* NewRoutineExerciseItem.swift */; };
		DD1CDBE02AD3450400826E7B /* ExerciseCategoriesView.swift in Sources */ = {isa = PBXBuildFile; fileRef = DD1CDBDF2AD3450400826E7B /* ExerciseCategoriesView.swift */; };
		DD1CDBE22AD3473100826E7B /* ExerciseCategoryView.swift in Sources */ = {isa = PBXBuildFile; fileRef = DD1CDBE12AD3473100826E7B /* ExerciseCategoryView.swift */; };
		DD3D37FA2ADEFBC00023C2A1 /* Exercise.swift in Sources */ = {isa = PBXBuildFile; fileRef = DD3D37F92ADEFBC00023C2A1 /* Exercise.swift */; };
		DD3D37FD2ADEFBCD0023C2A1 /* Routine.swift in Sources */ = {isa = PBXBuildFile; fileRef = DD3D37FC2ADEFBCD0023C2A1 /* Routine.swift */; };
		DD3D37FF2ADEFBD50023C2A1 /* Workout.swift in Sources */ = {isa = PBXBuildFile; fileRef = DD3D37FE2ADEFBD50023C2A1 /* Workout.swift */; };
		DD3D38012ADEFBDF0023C2A1 /* ExerciseRoutine.swift in Sources */ = {isa = PBXBuildFile; fileRef = DD3D38002ADEFBDF0023C2A1 /* ExerciseRoutine.swift */; };
		DD3D38032ADEFBE50023C2A1 /* ExerciseSet.swift in Sources */ = {isa = PBXBuildFile; fileRef = DD3D38022ADEFBE50023C2A1 /* ExerciseSet.swift */; };
		DD3D38092AE4024C0023C2A1 /* ExerciseCategory.swift in Sources */ = {isa = PBXBuildFile; fileRef = DD3D38082AE4024C0023C2A1 /* ExerciseCategory.swift */; };
		DD3D380B2AE415CA0023C2A1 /* RoutineObservableObject.swift in Sources */ = {isa = PBXBuildFile; fileRef = DD3D380A2AE415CA0023C2A1 /* RoutineObservableObject.swift */; };
		DD3D380F2AE442E50023C2A1 /* NewRoutineExerciseSetView.swift in Sources */ = {isa = PBXBuildFile; fileRef = DD3D380E2AE442E50023C2A1 /* NewRoutineExerciseSetView.swift */; };
		DD3D38112AE595B80023C2A1 /* CustomViewModifier.swift in Sources */ = {isa = PBXBuildFile; fileRef = DD3D38102AE595B80023C2A1 /* CustomViewModifier.swift */; };
		DDCAFE5F2AE707FB000ACF1F /* NotesDetailView.swift in Sources */ = {isa = PBXBuildFile; fileRef = DDCAFE5E2AE707FB000ACF1F /* NotesDetailView.swift */; };
		DDDE501C2AD463E8002829F3 /* ExerciseInformationView.swift in Sources */ = {isa = PBXBuildFile; fileRef = DDDE501B2AD463E8002829F3 /* ExerciseInformationView.swift */; };
		DDDE501E2AD46859002829F3 /* ExerciseCategoryList.swift in Sources */ = {isa = PBXBuildFile; fileRef = DDDE501D2AD46859002829F3 /* ExerciseCategoryList.swift */; };
		DDDE50202AD46881002829F3 /* ExerciseCategoryItem.swift in Sources */ = {isa = PBXBuildFile; fileRef = DDDE501F2AD46881002829F3 /* ExerciseCategoryItem.swift */; };
/* End PBXBuildFile section */

/* Begin PBXFileReference section */
		DD1CDBBA2AD3433200826E7B /* RepCountCopy.app */ = {isa = PBXFileReference; explicitFileType = wrapper.application; includeInIndex = 0; path = RepCountCopy.app; sourceTree = BUILT_PRODUCTS_DIR; };
		DD1CDBBD2AD3433200826E7B /* RepCountCopyApp.swift */ = {isa = PBXFileReference; lastKnownFileType = sourcecode.swift; path = RepCountCopyApp.swift; sourceTree = "<group>"; };
		DD1CDBBF2AD3433200826E7B /* RepCountTabView.swift */ = {isa = PBXFileReference; lastKnownFileType = sourcecode.swift; path = RepCountTabView.swift; sourceTree = "<group>"; };
		DD1CDBC12AD3433400826E7B /* Assets.xcassets */ = {isa = PBXFileReference; lastKnownFileType = folder.assetcatalog; path = Assets.xcassets; sourceTree = "<group>"; };
		DD1CDBC42AD3433400826E7B /* Preview Assets.xcassets */ = {isa = PBXFileReference; lastKnownFileType = folder.assetcatalog; path = "Preview Assets.xcassets"; sourceTree = "<group>"; };
		DD1CDBCB2AD343EA00826E7B /* LogView.swift */ = {isa = PBXFileReference; lastKnownFileType = sourcecode.swift; path = LogView.swift; sourceTree = "<group>"; };
		DD1CDBCD2AD3440800826E7B /* LogMonthOverview.swift */ = {isa = PBXFileReference; lastKnownFileType = sourcecode.swift; path = LogMonthOverview.swift; sourceTree = "<group>"; };
		DD1CDBCF2AD3442200826E7B /* SingleLogWorkoutView.swift */ = {isa = PBXFileReference; lastKnownFileType = sourcecode.swift; path = SingleLogWorkoutView.swift; sourceTree = "<group>"; };
		DD1CDBD12AD3444800826E7B /* RoutinesView.swift */ = {isa = PBXFileReference; lastKnownFileType = sourcecode.swift; path = RoutinesView.swift; sourceTree = "<group>"; };
		DD1CDBD32AD3445B00826E7B /* RoutinesWorkoutView.swift */ = {isa = PBXFileReference; lastKnownFileType = sourcecode.swift; path = RoutinesWorkoutView.swift; sourceTree = "<group>"; };
		DD1CDBD52AD3447200826E7B /* StatisticsView.swift */ = {isa = PBXFileReference; lastKnownFileType = sourcecode.swift; path = StatisticsView.swift; sourceTree = "<group>"; };
		DD1CDBD72AD3449200826E7B /* StatisticsCategoryView.swift */ = {isa = PBXFileReference; lastKnownFileType = sourcecode.swift; path = StatisticsCategoryView.swift; sourceTree = "<group>"; };
		DD1CDBD92AD344C100826E7B /* StatisticsCategoryItem.swift */ = {isa = PBXFileReference; lastKnownFileType = sourcecode.swift; path = StatisticsCategoryItem.swift; sourceTree = "<group>"; };
		DD1CDBDB2AD344D300826E7B /* NewRoutineView.swift */ = {isa = PBXFileReference; lastKnownFileType = sourcecode.swift; path = NewRoutineView.swift; sourceTree = "<group>"; };
		DD1CDBDD2AD344F700826E7B /* NewRoutineExerciseItem.swift */ = {isa = PBXFileReference; lastKnownFileType = sourcecode.swift; path = NewRoutineExerciseItem.swift; sourceTree = "<group>"; };
		DD1CDBDF2AD3450400826E7B /* ExerciseCategoriesView.swift */ = {isa = PBXFileReference; lastKnownFileType = sourcecode.swift; path = ExerciseCategoriesView.swift; sourceTree = "<group>"; };
		DD1CDBE12AD3473100826E7B /* ExerciseCategoryView.swift */ = {isa = PBXFileReference; lastKnownFileType = sourcecode.swift; path = ExerciseCategoryView.swift; sourceTree = "<group>"; };
		DD3D37F92ADEFBC00023C2A1 /* Exercise.swift */ = {isa = PBXFileReference; lastKnownFileType = sourcecode.swift; path = Exercise.swift; sourceTree = "<group>"; };
		DD3D37FC2ADEFBCD0023C2A1 /* Routine.swift */ = {isa = PBXFileReference; lastKnownFileType = sourcecode.swift; path = Routine.swift; sourceTree = "<group>"; };
		DD3D37FE2ADEFBD50023C2A1 /* Workout.swift */ = {isa = PBXFileReference; lastKnownFileType = sourcecode.swift; path = Workout.swift; sourceTree = "<group>"; };
		DD3D38002ADEFBDF0023C2A1 /* ExerciseRoutine.swift */ = {isa = PBXFileReference; lastKnownFileType = sourcecode.swift; path = ExerciseRoutine.swift; sourceTree = "<group>"; };
		DD3D38022ADEFBE50023C2A1 /* ExerciseSet.swift */ = {isa = PBXFileReference; lastKnownFileType = sourcecode.swift; path = ExerciseSet.swift; sourceTree = "<group>"; };
		DD3D38082AE4024C0023C2A1 /* ExerciseCategory.swift */ = {isa = PBXFileReference; lastKnownFileType = sourcecode.swift; path = ExerciseCategory.swift; sourceTree = "<group>"; };
		DD3D380A2AE415CA0023C2A1 /* RoutineObservableObject.swift */ = {isa = PBXFileReference; lastKnownFileType = sourcecode.swift; path = RoutineObservableObject.swift; sourceTree = "<group>"; };
		DD3D380E2AE442E50023C2A1 /* NewRoutineExerciseSetView.swift */ = {isa = PBXFileReference; lastKnownFileType = sourcecode.swift; path = NewRoutineExerciseSetView.swift; sourceTree = "<group>"; };
		DD3D38102AE595B80023C2A1 /* CustomViewModifier.swift */ = {isa = PBXFileReference; lastKnownFileType = sourcecode.swift; path = CustomViewModifier.swift; sourceTree = "<group>"; };
		DDCAFE5E2AE707FB000ACF1F /* NotesDetailView.swift */ = {isa = PBXFileReference; lastKnownFileType = sourcecode.swift; path = NotesDetailView.swift; sourceTree = "<group>"; };
		DDDE501B2AD463E8002829F3 /* ExerciseInformationView.swift */ = {isa = PBXFileReference; lastKnownFileType = sourcecode.swift; path = ExerciseInformationView.swift; sourceTree = "<group>"; };
		DDDE501D2AD46859002829F3 /* ExerciseCategoryList.swift */ = {isa = PBXFileReference; lastKnownFileType = sourcecode.swift; path = ExerciseCategoryList.swift; sourceTree = "<group>"; };
		DDDE501F2AD46881002829F3 /* ExerciseCategoryItem.swift */ = {isa = PBXFileReference; lastKnownFileType = sourcecode.swift; path = ExerciseCategoryItem.swift; sourceTree = "<group>"; };
/* End PBXFileReference section */

/* Begin PBXFrameworksBuildPhase section */
		DD1CDBB72AD3433200826E7B /* Frameworks */ = {
			isa = PBXFrameworksBuildPhase;
			buildActionMask = 2147483647;
			files = (
			);
			runOnlyForDeploymentPostprocessing = 0;
		};
/* End PBXFrameworksBuildPhase section */

/* Begin PBXGroup section */
		DD1CDBB12AD3433200826E7B = {
			isa = PBXGroup;
			children = (
				DD1CDBBC2AD3433200826E7B /* RepCountCopy */,
				DD1CDBBB2AD3433200826E7B /* Products */,
			);
			sourceTree = "<group>";
		};
		DD1CDBBB2AD3433200826E7B /* Products */ = {
			isa = PBXGroup;
			children = (
				DD1CDBBA2AD3433200826E7B /* RepCountCopy.app */,
			);
			name = Products;
			sourceTree = "<group>";
		};
		DD1CDBBC2AD3433200826E7B /* RepCountCopy */ = {
			isa = PBXGroup;
			children = (
				DD1CDBBD2AD3433200826E7B /* RepCountCopyApp.swift */,
				DD1CDBBF2AD3433200826E7B /* RepCountTabView.swift */,
				DD1CDBE72AD3480900826E7B /* View */,
				DD1CDBC12AD3433400826E7B /* Assets.xcassets */,
				DD1CDBC32AD3433400826E7B /* Preview Content */,
				DD3D37FB2ADEFBC60023C2A1 /* Model */,
			);
			path = RepCountCopy;
			sourceTree = "<group>";
		};
		DD1CDBC32AD3433400826E7B /* Preview Content */ = {
			isa = PBXGroup;
			children = (
				DD1CDBC42AD3433400826E7B /* Preview Assets.xcassets */,
			);
			path = "Preview Content";
			sourceTree = "<group>";
		};
		DD1CDBE32AD347B300826E7B /* Log */ = {
			isa = PBXGroup;
			children = (
				DD1CDBCB2AD343EA00826E7B /* LogView.swift */,
				DD1CDBCD2AD3440800826E7B /* LogMonthOverview.swift */,
				DD1CDBCF2AD3442200826E7B /* SingleLogWorkoutView.swift */,
			);
			path = Log;
			sourceTree = "<group>";
		};
		DD1CDBE42AD347BE00826E7B /* RoutinesView */ = {
			isa = PBXGroup;
			children = (
				DD1CDBD32AD3445B00826E7B /* RoutinesWorkoutView.swift */,
				DD1CDBD12AD3444800826E7B /* RoutinesView.swift */,
				DD1CDBDB2AD344D300826E7B /* NewRoutineView.swift */,
				DD1CDBDD2AD344F700826E7B /* NewRoutineExerciseItem.swift */,
				DD3D380E2AE442E50023C2A1 /* NewRoutineExerciseSetView.swift */,
				DD3D380A2AE415CA0023C2A1 /* RoutineObservableObject.swift */,
				DD3D38102AE595B80023C2A1 /* CustomViewModifier.swift */,
				DDCAFE5E2AE707FB000ACF1F /* NotesDetailView.swift */,
			);
			path = RoutinesView;
			sourceTree = "<group>";
		};
		DD1CDBE52AD347CC00826E7B /* StatisticsView */ = {
			isa = PBXGroup;
			children = (
				DD1CDBD52AD3447200826E7B /* StatisticsView.swift */,
				DD1CDBD72AD3449200826E7B /* StatisticsCategoryView.swift */,
				DD1CDBD92AD344C100826E7B /* StatisticsCategoryItem.swift */,
			);
			path = StatisticsView;
			sourceTree = "<group>";
		};
		DD1CDBE62AD347F000826E7B /* ExerciseView */ = {
			isa = PBXGroup;
			children = (
				DD1CDBDF2AD3450400826E7B /* ExerciseCategoriesView.swift */,
				DD1CDBE12AD3473100826E7B /* ExerciseCategoryView.swift */,
				DDDE501D2AD46859002829F3 /* ExerciseCategoryList.swift */,
				DDDE501F2AD46881002829F3 /* ExerciseCategoryItem.swift */,
				DDDE501B2AD463E8002829F3 /* ExerciseInformationView.swift */,
			);
			path = ExerciseView;
			sourceTree = "<group>";
		};
		DD1CDBE72AD3480900826E7B /* View */ = {
			isa = PBXGroup;
			children = (
				DD1CDBE32AD347B300826E7B /* Log */,
				DD1CDBE52AD347CC00826E7B /* StatisticsView */,
				DD1CDBE42AD347BE00826E7B /* RoutinesView */,
				DD1CDBE62AD347F000826E7B /* ExerciseView */,
			);
			path = View;
			sourceTree = "<group>";
		};
		DD3D37FB2ADEFBC60023C2A1 /* Model */ = {
			isa = PBXGroup;
			children = (
				DD3D37F92ADEFBC00023C2A1 /* Exercise.swift */,
				DD3D38002ADEFBDF0023C2A1 /* ExerciseRoutine.swift */,
				DD3D38022ADEFBE50023C2A1 /* ExerciseSet.swift */,
				DD3D37FC2ADEFBCD0023C2A1 /* Routine.swift */,
				DD3D37FE2ADEFBD50023C2A1 /* Workout.swift */,
				DD3D38082AE4024C0023C2A1 /* ExerciseCategory.swift */,
			);
			path = Model;
			sourceTree = "<group>";
		};
/* End PBXGroup section */

/* Begin PBXNativeTarget section */
		DD1CDBB92AD3433200826E7B /* RepCountCopy */ = {
			isa = PBXNativeTarget;
			buildConfigurationList = DD1CDBC82AD3433400826E7B /* Build configuration list for PBXNativeTarget "RepCountCopy" */;
			buildPhases = (
				DD1CDBB62AD3433200826E7B /* Sources */,
				DD1CDBB72AD3433200826E7B /* Frameworks */,
				DD1CDBB82AD3433200826E7B /* Resources */,
			);
			buildRules = (
			);
			dependencies = (
			);
			name = RepCountCopy;
			productName = RepCountCopy;
			productReference = DD1CDBBA2AD3433200826E7B /* RepCountCopy.app */;
			productType = "com.apple.product-type.application";
		};
/* End PBXNativeTarget section */

/* Begin PBXProject section */
		DD1CDBB22AD3433200826E7B /* Project object */ = {
			isa = PBXProject;
			attributes = {
				BuildIndependentTargetsInParallel = 1;
				LastSwiftUpdateCheck = 1430;
				LastUpgradeCheck = 1430;
				TargetAttributes = {
					DD1CDBB92AD3433200826E7B = {
						CreatedOnToolsVersion = 14.3.1;
					};
				};
			};
			buildConfigurationList = DD1CDBB52AD3433200826E7B /* Build configuration list for PBXProject "RepCountCopy" */;
			compatibilityVersion = "Xcode 14.0";
			developmentRegion = en;
			hasScannedForEncodings = 0;
			knownRegions = (
				en,
				Base,
			);
			mainGroup = DD1CDBB12AD3433200826E7B;
			productRefGroup = DD1CDBBB2AD3433200826E7B /* Products */;
			projectDirPath = "";
			projectRoot = "";
			targets = (
				DD1CDBB92AD3433200826E7B /* RepCountCopy */,
			);
		};
/* End PBXProject section */

/* Begin PBXResourcesBuildPhase section */
		DD1CDBB82AD3433200826E7B /* Resources */ = {
			isa = PBXResourcesBuildPhase;
			buildActionMask = 2147483647;
			files = (
				DD1CDBC52AD3433400826E7B /* Preview Assets.xcassets in Resources */,
				DD1CDBC22AD3433400826E7B /* Assets.xcassets in Resources */,
			);
			runOnlyForDeploymentPostprocessing = 0;
		};
/* End PBXResourcesBuildPhase section */

/* Begin PBXSourcesBuildPhase section */
		DD1CDBB62AD3433200826E7B /* Sources */ = {
			isa = PBXSourcesBuildPhase;
			buildActionMask = 2147483647;
			files = (
				DD1CDBCE2AD3440800826E7B /* LogMonthOverview.swift in Sources */,
				DD1CDBD22AD3444800826E7B /* RoutinesView.swift in Sources */,
				DDDE501C2AD463E8002829F3 /* ExerciseInformationView.swift in Sources */,
				DD3D38012ADEFBDF0023C2A1 /* ExerciseRoutine.swift in Sources */,
				DD3D38092AE4024C0023C2A1 /* ExerciseCategory.swift in Sources */,
				DD3D37FF2ADEFBD50023C2A1 /* Workout.swift in Sources */,
				DD3D380B2AE415CA0023C2A1 /* RoutineObservableObject.swift in Sources */,
				DD1CDBD02AD3442200826E7B /* SingleLogWorkoutView.swift in Sources */,
				DD3D37FD2ADEFBCD0023C2A1 /* Routine.swift in Sources */,
				DD1CDBE22AD3473100826E7B /* ExerciseCategoryView.swift in Sources */,
				DD1CDBC02AD3433200826E7B /* RepCountTabView.swift in Sources */,
				DDDE50202AD46881002829F3 /* ExerciseCategoryItem.swift in Sources */,
				DDCAFE5F2AE707FB000ACF1F /* NotesDetailView.swift in Sources */,
				DD3D380F2AE442E50023C2A1 /* NewRoutineExerciseSetView.swift in Sources */,
				DD1CDBD82AD3449200826E7B /* StatisticsCategoryView.swift in Sources */,
				DDDE501E2AD46859002829F3 /* ExerciseCategoryList.swift in Sources */,
				DD1CDBDA2AD344C100826E7B /* StatisticsCategoryItem.swift in Sources */,
				DD1CDBDC2AD344D300826E7B /* NewRoutineView.swift in Sources */,
				DD3D38112AE595B80023C2A1 /* CustomViewModifier.swift in Sources */,
				DD1CDBD42AD3445B00826E7B /* RoutinesWorkoutView.swift in Sources */,
				DD1CDBD62AD3447200826E7B /* StatisticsView.swift in Sources */,
				DD1CDBCC2AD343EA00826E7B /* LogView.swift in Sources */,
				DD1CDBDE2AD344F700826E7B /* NewRoutineExerciseItem.swift in Sources */,
				DD1CDBE02AD3450400826E7B /* ExerciseCategoriesView.swift in Sources */,
				DD1CDBBE2AD3433200826E7B /* RepCountCopyApp.swift in Sources */,
				DD3D38032ADEFBE50023C2A1 /* ExerciseSet.swift in Sources */,
				DD3D37FA2ADEFBC00023C2A1 /* Exercise.swift in Sources */,
			);
			runOnlyForDeploymentPostprocessing = 0;
		};
/* End PBXSourcesBuildPhase section */

/* Begin XCBuildConfiguration section */
		DD1CDBC62AD3433400826E7B /* Debug */ = {
			isa = XCBuildConfiguration;
			buildSettings = {
				ALWAYS_SEARCH_USER_PATHS = NO;
				CLANG_ANALYZER_NONNULL = YES;
				CLANG_ANALYZER_NUMBER_OBJECT_CONVERSION = YES_AGGRESSIVE;
				CLANG_CXX_LANGUAGE_STANDARD = "gnu++20";
				CLANG_ENABLE_MODULES = YES;
				CLANG_ENABLE_OBJC_ARC = YES;
				CLANG_ENABLE_OBJC_WEAK = YES;
				CLANG_WARN_BLOCK_CAPTURE_AUTORELEASING = YES;
				CLANG_WARN_BOOL_CONVERSION = YES;
				CLANG_WARN_COMMA = YES;
				CLANG_WARN_CONSTANT_CONVERSION = YES;
				CLANG_WARN_DEPRECATED_OBJC_IMPLEMENTATIONS = YES;
				CLANG_WARN_DIRECT_OBJC_ISA_USAGE = YES_ERROR;
				CLANG_WARN_DOCUMENTATION_COMMENTS = YES;
				CLANG_WARN_EMPTY_BODY = YES;
				CLANG_WARN_ENUM_CONVERSION = YES;
				CLANG_WARN_INFINITE_RECURSION = YES;
				CLANG_WARN_INT_CONVERSION = YES;
				CLANG_WARN_NON_LITERAL_NULL_CONVERSION = YES;
				CLANG_WARN_OBJC_IMPLICIT_RETAIN_SELF = YES;
				CLANG_WARN_OBJC_LITERAL_CONVERSION = YES;
				CLANG_WARN_OBJC_ROOT_CLASS = YES_ERROR;
				CLANG_WARN_QUOTED_INCLUDE_IN_FRAMEWORK_HEADER = YES;
				CLANG_WARN_RANGE_LOOP_ANALYSIS = YES;
				CLANG_WARN_STRICT_PROTOTYPES = YES;
				CLANG_WARN_SUSPICIOUS_MOVE = YES;
				CLANG_WARN_UNGUARDED_AVAILABILITY = YES_AGGRESSIVE;
				CLANG_WARN_UNREACHABLE_CODE = YES;
				CLANG_WARN__DUPLICATE_METHOD_MATCH = YES;
				COPY_PHASE_STRIP = NO;
				DEBUG_INFORMATION_FORMAT = dwarf;
				ENABLE_STRICT_OBJC_MSGSEND = YES;
				ENABLE_TESTABILITY = YES;
				GCC_C_LANGUAGE_STANDARD = gnu11;
				GCC_DYNAMIC_NO_PIC = NO;
				GCC_NO_COMMON_BLOCKS = YES;
				GCC_OPTIMIZATION_LEVEL = 0;
				GCC_PREPROCESSOR_DEFINITIONS = (
					"DEBUG=1",
					"$(inherited)",
				);
				GCC_WARN_64_TO_32_BIT_CONVERSION = YES;
				GCC_WARN_ABOUT_RETURN_TYPE = YES_ERROR;
				GCC_WARN_UNDECLARED_SELECTOR = YES;
				GCC_WARN_UNINITIALIZED_AUTOS = YES_AGGRESSIVE;
				GCC_WARN_UNUSED_FUNCTION = YES;
				GCC_WARN_UNUSED_VARIABLE = YES;
				IPHONEOS_DEPLOYMENT_TARGET = 16.4;
				MTL_ENABLE_DEBUG_INFO = INCLUDE_SOURCE;
				MTL_FAST_MATH = YES;
				ONLY_ACTIVE_ARCH = YES;
				SDKROOT = iphoneos;
				SWIFT_ACTIVE_COMPILATION_CONDITIONS = DEBUG;
				SWIFT_OPTIMIZATION_LEVEL = "-Onone";
			};
			name = Debug;
		};
		DD1CDBC72AD3433400826E7B /* Release */ = {
			isa = XCBuildConfiguration;
			buildSettings = {
				ALWAYS_SEARCH_USER_PATHS = NO;
				CLANG_ANALYZER_NONNULL = YES;
				CLANG_ANALYZER_NUMBER_OBJECT_CONVERSION = YES_AGGRESSIVE;
				CLANG_CXX_LANGUAGE_STANDARD = "gnu++20";
				CLANG_ENABLE_MODULES = YES;
				CLANG_ENABLE_OBJC_ARC = YES;
				CLANG_ENABLE_OBJC_WEAK = YES;
				CLANG_WARN_BLOCK_CAPTURE_AUTORELEASING = YES;
				CLANG_WARN_BOOL_CONVERSION = YES;
				CLANG_WARN_COMMA = YES;
				CLANG_WARN_CONSTANT_CONVERSION = YES;
				CLANG_WARN_DEPRECATED_OBJC_IMPLEMENTATIONS = YES;
				CLANG_WARN_DIRECT_OBJC_ISA_USAGE = YES_ERROR;
				CLANG_WARN_DOCUMENTATION_COMMENTS = YES;
				CLANG_WARN_EMPTY_BODY = YES;
				CLANG_WARN_ENUM_CONVERSION = YES;
				CLANG_WARN_INFINITE_RECURSION = YES;
				CLANG_WARN_INT_CONVERSION = YES;
				CLANG_WARN_NON_LITERAL_NULL_CONVERSION = YES;
				CLANG_WARN_OBJC_IMPLICIT_RETAIN_SELF = YES;
				CLANG_WARN_OBJC_LITERAL_CONVERSION = YES;
				CLANG_WARN_OBJC_ROOT_CLASS = YES_ERROR;
				CLANG_WARN_QUOTED_INCLUDE_IN_FRAMEWORK_HEADER = YES;
				CLANG_WARN_RANGE_LOOP_ANALYSIS = YES;
				CLANG_WARN_STRICT_PROTOTYPES = YES;
				CLANG_WARN_SUSPICIOUS_MOVE = YES;
				CLANG_WARN_UNGUARDED_AVAILABILITY = YES_AGGRESSIVE;
				CLANG_WARN_UNREACHABLE_CODE = YES;
				CLANG_WARN__DUPLICATE_METHOD_MATCH = YES;
				COPY_PHASE_STRIP = NO;
				DEBUG_INFORMATION_FORMAT = "dwarf-with-dsym";
				ENABLE_NS_ASSERTIONS = NO;
				ENABLE_STRICT_OBJC_MSGSEND = YES;
				GCC_C_LANGUAGE_STANDARD = gnu11;
				GCC_NO_COMMON_BLOCKS = YES;
				GCC_WARN_64_TO_32_BIT_CONVERSION = YES;
				GCC_WARN_ABOUT_RETURN_TYPE = YES_ERROR;
				GCC_WARN_UNDECLARED_SELECTOR = YES;
				GCC_WARN_UNINITIALIZED_AUTOS = YES_AGGRESSIVE;
				GCC_WARN_UNUSED_FUNCTION = YES;
				GCC_WARN_UNUSED_VARIABLE = YES;
				IPHONEOS_DEPLOYMENT_TARGET = 16.4;
				MTL_ENABLE_DEBUG_INFO = NO;
				MTL_FAST_MATH = YES;
				SDKROOT = iphoneos;
				SWIFT_COMPILATION_MODE = wholemodule;
				SWIFT_OPTIMIZATION_LEVEL = "-O";
				VALIDATE_PRODUCT = YES;
			};
			name = Release;
		};
		DD1CDBC92AD3433400826E7B /* Debug */ = {
			isa = XCBuildConfiguration;
			buildSettings = {
				ASSETCATALOG_COMPILER_APPICON_NAME = AppIcon;
				ASSETCATALOG_COMPILER_GLOBAL_ACCENT_COLOR_NAME = AccentColor;
				CODE_SIGN_STYLE = Automatic;
				CURRENT_PROJECT_VERSION = 1;
				DEVELOPMENT_ASSET_PATHS = "\"RepCountCopy/Preview Content\"";
				DEVELOPMENT_TEAM = X55V6FTF2T;
				ENABLE_PREVIEWS = YES;
				GENERATE_INFOPLIST_FILE = YES;
				INFOPLIST_KEY_UIApplicationSceneManifest_Generation = YES;
				INFOPLIST_KEY_UIApplicationSupportsIndirectInputEvents = YES;
				INFOPLIST_KEY_UILaunchScreen_Generation = YES;
				INFOPLIST_KEY_UISupportedInterfaceOrientations_iPad = "UIInterfaceOrientationPortrait UIInterfaceOrientationPortraitUpsideDown UIInterfaceOrientationLandscapeLeft UIInterfaceOrientationLandscapeRight";
				INFOPLIST_KEY_UISupportedInterfaceOrientations_iPhone = "UIInterfaceOrientationPortrait UIInterfaceOrientationLandscapeLeft UIInterfaceOrientationLandscapeRight";
				LD_RUNPATH_SEARCH_PATHS = (
					"$(inherited)",
					"@executable_path/Frameworks",
				);
				MARKETING_VERSION = 1.0;
				PRODUCT_BUNDLE_IDENTIFIER = com.eviseek.RepCountCopy;
				PRODUCT_NAME = "$(TARGET_NAME)";
				SWIFT_EMIT_LOC_STRINGS = YES;
				SWIFT_VERSION = 5.0;
				TARGETED_DEVICE_FAMILY = "1,2";
			};
			name = Debug;
		};
		DD1CDBCA2AD3433400826E7B /* Release */ = {
			isa = XCBuildConfiguration;
			buildSettings = {
				ASSETCATALOG_COMPILER_APPICON_NAME = AppIcon;
				ASSETCATALOG_COMPILER_GLOBAL_ACCENT_COLOR_NAME = AccentColor;
				CODE_SIGN_STYLE = Automatic;
				CURRENT_PROJECT_VERSION = 1;
				DEVELOPMENT_ASSET_PATHS = "\"RepCountCopy/Preview Content\"";
				DEVELOPMENT_TEAM = X55V6FTF2T;
				ENABLE_PREVIEWS = YES;
				GENERATE_INFOPLIST_FILE = YES;
				INFOPLIST_KEY_UIApplicationSceneManifest_Generation = YES;
				INFOPLIST_KEY_UIApplicationSupportsIndirectInputEvents = YES;
				INFOPLIST_KEY_UILaunchScreen_Generation = YES;
				INFOPLIST_KEY_UISupportedInterfaceOrientations_iPad = "UIInterfaceOrientationPortrait UIInterfaceOrientationPortraitUpsideDown UIInterfaceOrientationLandscapeLeft UIInterfaceOrientationLandscapeRight";
				INFOPLIST_KEY_UISupportedInterfaceOrientations_iPhone = "UIInterfaceOrientationPortrait UIInterfaceOrientationLandscapeLeft UIInterfaceOrientationLandscapeRight";
				LD_RUNPATH_SEARCH_PATHS = (
					"$(inherited)",
					"@executable_path/Frameworks",
				);
				MARKETING_VERSION = 1.0;
				PRODUCT_BUNDLE_IDENTIFIER = com.eviseek.RepCountCopy;
				PRODUCT_NAME = "$(TARGET_NAME)";
				SWIFT_EMIT_LOC_STRINGS = YES;
				SWIFT_VERSION = 5.0;
				TARGETED_DEVICE_FAMILY = "1,2";
			};
			name = Release;
		};
/* End XCBuildConfiguration section */

/* Begin XCConfigurationList section */
		DD1CDBB52AD3433200826E7B /* Build configuration list for PBXProject "RepCountCopy" */ = {
			isa = XCConfigurationList;
			buildConfigurations = (
				DD1CDBC62AD3433400826E7B /* Debug */,
				DD1CDBC72AD3433400826E7B /* Release */,
			);
			defaultConfigurationIsVisible = 0;
			defaultConfigurationName = Release;
		};
		DD1CDBC82AD3433400826E7B /* Build configuration list for PBXNativeTarget "RepCountCopy" */ = {
			isa = XCConfigurationList;
			buildConfigurations = (
				DD1CDBC92AD3433400826E7B /* Debug */,
				DD1CDBCA2AD3433400826E7B /* Release */,
			);
			defaultConfigurationIsVisible = 0;
			defaultConfigurationName = Release;
		};
/* End XCConfigurationList section */
	};
	rootObject = DD1CDBB22AD3433200826E7B /* Project object */;
}
